
Microsoft Visual Studio Solution File, Format Version 12.00
# Visual Studio Version 17
VisualStudioVersion = 17.7.34221.43
MinimumVisualStudioVersion = 10.0.40219.1
Project("{FAE04EC0-301F-11D3-BF4B-00C04F79EFBC}") = "Challenge", "Challenge\Challenge.csproj", "{9E116939-23D6-4BCA-9764-95BFE5BD4E30}"
EndProject
Global
	GlobalSection(SolutionConfigurationPlatforms) = preSolution
		Debug|Any CPU = Debug|Any CPU
		Release|Any CPU = Release|Any CPU
	EndGlobalSection
	GlobalSection(ProjectConfigurationPlatforms) = postSolution
		{9E116939-23D6-4BCA-9764-95BFE5BD4E30}.Debug|Any CPU.ActiveCfg = Debug|Any CPU
		{9E116939-23D6-4BCA-9764-95BFE5BD4E30}.Debug|Any CPU.Build.0 = Debug|Any CPU
		{9E116939-23D6-4BCA-9764-95BFE5BD4E30}.Release|Any CPU.ActiveCfg = Release|Any CPU
		{9E116939-23D6-4BCA-9764-95BFE5BD4E30}.Release|Any CPU.Build.0 = Release|Any CPU
	EndGlobalSection
	GlobalSection(SolutionProperties) = preSolution
		HideSolutionNode = FALSE
	EndGlobalSection
	GlobalSection(ExtensibilityGlobals) = postSolution
		SolutionGuid = {6248FD1C-B629-4CC0-9C30-C55B9A68F662}
	EndGlobalSection
EndGlobal
